
Microsoft Visual Studio Solution File, Format Version 12.00
# Visual Studio Version 16
VisualStudioVersion = 16.6.30114.105
MinimumVisualStudioVersion = 10.0.40219.1
Project("{2150E333-8FDC-42A3-9474-1A3956D46DE8}") = "src", "src", "{477744AF-C97B-44B8-8F83-6DB0D670AF8E}"
EndProject
Project("{F2A71F9B-5D33-465A-A702-920D77279786}") = "successful", "src\successful\successful.fsproj", "{DE195DBE-0BDA-4175-A615-175741727FB1}"
EndProject
Project("{F2A71F9B-5D33-465A-A702-920D77279786}") = "failing", "src\failing\failing.fsproj", "{308BC1EB-2DE7-41F1-972F-AFB2FF8B288C}"
EndProject
Project("{F2A71F9B-5D33-465A-A702-920D77279786}") = "tests", "src\tests\tests.fsproj", "{CFE459DC-23D6-4B21-90EE-0C6F4CF17853}"
EndProject
Global
	GlobalSection(SolutionConfigurationPlatforms) = preSolution
		Debug|Any CPU = Debug|Any CPU
		Debug|x64 = Debug|x64
		Debug|x86 = Debug|x86
		Release|Any CPU = Release|Any CPU
		Release|x64 = Release|x64
		Release|x86 = Release|x86
	EndGlobalSection
	GlobalSection(SolutionProperties) = preSolution
		HideSolutionNode = FALSE
	EndGlobalSection
	GlobalSection(ProjectConfigurationPlatforms) = postSolution
		{DE195DBE-0BDA-4175-A615-175741727FB1}.Debug|Any CPU.ActiveCfg = Debug|Any CPU
		{DE195DBE-0BDA-4175-A615-175741727FB1}.Debug|Any CPU.Build.0 = Debug|Any CPU
		{DE195DBE-0BDA-4175-A615-175741727FB1}.Debug|x64.ActiveCfg = Debug|Any CPU
		{DE195DBE-0BDA-4175-A615-175741727FB1}.Debug|x64.Build.0 = Debug|Any CPU
		{DE195DBE-0BDA-4175-A615-175741727FB1}.Debug|x86.ActiveCfg = Debug|Any CPU
		{DE195DBE-0BDA-4175-A615-175741727FB1}.Debug|x86.Build.0 = Debug|Any CPU
		{DE195DBE-0BDA-4175-A615-175741727FB1}.Release|Any CPU.ActiveCfg = Release|Any CPU
		{DE195DBE-0BDA-4175-A615-175741727FB1}.Release|Any CPU.Build.0 = Release|Any CPU
		{DE195DBE-0BDA-4175-A615-175741727FB1}.Release|x64.ActiveCfg = Release|Any CPU
		{DE195DBE-0BDA-4175-A615-175741727FB1}.Release|x64.Build.0 = Release|Any CPU
		{DE195DBE-0BDA-4175-A615-175741727FB1}.Release|x86.ActiveCfg = Release|Any CPU
		{DE195DBE-0BDA-4175-A615-175741727FB1}.Release|x86.Build.0 = Release|Any CPU
		{308BC1EB-2DE7-41F1-972F-AFB2FF8B288C}.Debug|Any CPU.ActiveCfg = Debug|Any CPU
		{308BC1EB-2DE7-41F1-972F-AFB2FF8B288C}.Debug|Any CPU.Build.0 = Debug|Any CPU
		{308BC1EB-2DE7-41F1-972F-AFB2FF8B288C}.Debug|x64.ActiveCfg = Debug|Any CPU
		{308BC1EB-2DE7-41F1-972F-AFB2FF8B288C}.Debug|x64.Build.0 = Debug|Any CPU
		{308BC1EB-2DE7-41F1-972F-AFB2FF8B288C}.Debug|x86.ActiveCfg = Debug|Any CPU
		{308BC1EB-2DE7-41F1-972F-AFB2FF8B288C}.Debug|x86.Build.0 = Debug|Any CPU
		{308BC1EB-2DE7-41F1-972F-AFB2FF8B288C}.Release|Any CPU.ActiveCfg = Release|Any CPU
		{308BC1EB-2DE7-41F1-972F-AFB2FF8B288C}.Release|Any CPU.Build.0 = Release|Any CPU
		{308BC1EB-2DE7-41F1-972F-AFB2FF8B288C}.Release|x64.ActiveCfg = Release|Any CPU
		{308BC1EB-2DE7-41F1-972F-AFB2FF8B288C}.Release|x64.Build.0 = Release|Any CPU
		{308BC1EB-2DE7-41F1-972F-AFB2FF8B288C}.Release|x86.ActiveCfg = Release|Any CPU
		{308BC1EB-2DE7-41F1-972F-AFB2FF8B288C}.Release|x86.Build.0 = Release|Any CPU
		{CFE459DC-23D6-4B21-90EE-0C6F4CF17853}.Debug|Any CPU.ActiveCfg = Debug|Any CPU
		{CFE459DC-23D6-4B21-90EE-0C6F4CF17853}.Debug|Any CPU.Build.0 = Debug|Any CPU
		{CFE459DC-23D6-4B21-90EE-0C6F4CF17853}.Debug|x64.ActiveCfg = Debug|Any CPU
		{CFE459DC-23D6-4B21-90EE-0C6F4CF17853}.Debug|x64.Build.0 = Debug|Any CPU
		{CFE459DC-23D6-4B21-90EE-0C6F4CF17853}.Debug|x86.ActiveCfg = Debug|Any CPU
		{CFE459DC-23D6-4B21-90EE-0C6F4CF17853}.Debug|x86.Build.0 = Debug|Any CPU
		{CFE459DC-23D6-4B21-90EE-0C6F4CF17853}.Release|Any CPU.ActiveCfg = Release|Any CPU
		{CFE459DC-23D6-4B21-90EE-0C6F4CF17853}.Release|Any CPU.Build.0 = Release|Any CPU
		{CFE459DC-23D6-4B21-90EE-0C6F4CF17853}.Release|x64.ActiveCfg = Release|Any CPU
		{CFE459DC-23D6-4B21-90EE-0C6F4CF17853}.Release|x64.Build.0 = Release|Any CPU
		{CFE459DC-23D6-4B21-90EE-0C6F4CF17853}.Release|x86.ActiveCfg = Release|Any CPU
		{CFE459DC-23D6-4B21-90EE-0C6F4CF17853}.Release|x86.Build.0 = Release|Any CPU
	EndGlobalSection
	GlobalSection(NestedProjects) = preSolution
		{DE195DBE-0BDA-4175-A615-175741727FB1} = {477744AF-C97B-44B8-8F83-6DB0D670AF8E}
		{308BC1EB-2DE7-41F1-972F-AFB2FF8B288C} = {477744AF-C97B-44B8-8F83-6DB0D670AF8E}
		{CFE459DC-23D6-4B21-90EE-0C6F4CF17853} = {477744AF-C97B-44B8-8F83-6DB0D670AF8E}
	EndGlobalSection
EndGlobal
